
Microsoft Visual Studio Solution File, Format Version 12.00
Project("{FAE04EC0-301F-11D3-BF4B-00C04F79EFBC}") = "AvVisualViajes", "AvVisualViajes\AvVisualViajes.csproj", "{61C9AF63-6B5C-47DF-8003-6E872251D898}"
EndProject
Global
	GlobalSection(SolutionConfigurationPlatforms) = preSolution
		Debug|Any CPU = Debug|Any CPU
		Release|Any CPU = Release|Any CPU
	EndGlobalSection
	GlobalSection(ProjectConfigurationPlatforms) = postSolution
		{61C9AF63-6B5C-47DF-8003-6E872251D898}.Debug|Any CPU.ActiveCfg = Debug|Any CPU
		{61C9AF63-6B5C-47DF-8003-6E872251D898}.Debug|Any CPU.Build.0 = Debug|Any CPU
		{61C9AF63-6B5C-47DF-8003-6E872251D898}.Release|Any CPU.ActiveCfg = Release|Any CPU
		{61C9AF63-6B5C-47DF-8003-6E872251D898}.Release|Any CPU.Build.0 = Release|Any CPU
	EndGlobalSection
EndGlobal
